
Microsoft Visual Studio Solution File, Format Version 12.00
# Visual Studio Version 17
VisualStudioVersion = 17.5.002.0
MinimumVisualStudioVersion = 10.0.40219.1
Project("{9A19103F-16F7-4668-BE54-9A1E7A4F7556}") = "Tip_Donusumleri", "Tip_Donusumleri.csproj", "{5106B677-5C9F-40EB-A17F-654C291006AA}"
EndProject
Global
	GlobalSection(SolutionConfigurationPlatforms) = preSolution
		Debug|Any CPU = Debug|Any CPU
		Release|Any CPU = Release|Any CPU
	EndGlobalSection
	GlobalSection(ProjectConfigurationPlatforms) = postSolution
		{5106B677-5C9F-40EB-A17F-654C291006AA}.Debug|Any CPU.ActiveCfg = Debug|Any CPU
		{5106B677-5C9F-40EB-A17F-654C291006AA}.Debug|Any CPU.Build.0 = Debug|Any CPU
		{5106B677-5C9F-40EB-A17F-654C291006AA}.Release|Any CPU.ActiveCfg = Release|Any CPU
		{5106B677-5C9F-40EB-A17F-654C291006AA}.Release|Any CPU.Build.0 = Release|Any CPU
	EndGlobalSection
	GlobalSection(SolutionProperties) = preSolution
		HideSolutionNode = FALSE
	EndGlobalSection
	GlobalSection(ExtensibilityGlobals) = postSolution
		SolutionGuid = {622C70F6-E1F1-4676-852B-DB0A36874FFB}
	EndGlobalSection
EndGlobal
